{
  "version": 4,
  "terraform_version": "0.12.18",
  "serial": 27,
  "lineage": "bae72d1b-1a7c-a1d1-e998-fb372fb6b198",
  "outputs": {},
  "resources": [
    {
      "mode": "managed",
      "type": "aws_iam_role",
      "name": "lambda_role",
      "provider": "provider.aws",
      "instances": [
        {
          "schema_version": 0,
          "attributes": {
            "arn": "arn:aws:iam::838083752119:role/kimchi-lambda-execution",
            "assume_role_policy": "{\"Version\":\"2012-10-17\",\"Statement\":[{\"Sid\":\"\",\"Effect\":\"Allow\",\"Principal\":{\"Service\":\"lambda.amazonaws.com\"},\"Action\":\"sts:AssumeRole\"}]}",
            "create_date": "2020-01-08T16:28:35Z",
            "description": "",
            "force_detach_policies": false,
            "id": "kimchi-lambda-execution",
            "max_session_duration": 3600,
            "name": "kimchi-lambda-execution",
            "name_prefix": null,
            "path": "/",
            "permissions_boundary": null,
            "tags": {},
            "unique_id": "AROA4GINPGC3V2ZUHNJ4I"
          },
          "private": "bnVsbA=="
        }
      ]
    },
    {
      "mode": "managed",
      "type": "aws_iam_role_policy_attachment",
      "name": "lambda-logs",
      "provider": "provider.aws",
      "instances": [
        {
          "schema_version": 0,
          "attributes": {
            "id": "kimchi-lambda-execution-20200109100746966300000001",
            "policy_arn": "arn:aws:iam::aws:policy/service-role/AWSLambdaBasicExecutionRole",
            "role": "kimchi-lambda-execution"
          },
          "private": "bnVsbA==",
          "dependencies": [
            "aws_iam_role.lambda_role"
          ]
        }
      ]
    },
    {
      "mode": "managed",
      "type": "aws_iam_role_policy_attachment",
      "name": "lambda-s3",
      "provider": "provider.aws",
      "instances": [
        {
          "schema_version": 0,
          "attributes": {
            "id": "kimchi-lambda-execution-20200109100747538500000002",
            "policy_arn": "arn:aws:iam::aws:policy/AmazonS3ReadOnlyAccess",
            "role": "kimchi-lambda-execution"
          },
          "private": "bnVsbA==",
          "dependencies": [
            "aws_iam_role.lambda_role"
          ]
        }
      ]
    },
    {
      "mode": "managed",
      "type": "aws_lambda_function",
      "name": "lambda_1",
      "provider": "provider.aws",
      "instances": [
        {
          "schema_version": 0,
          "attributes": {
            "arn": "arn:aws:lambda:eu-west-2:838083752119:function:l1-ingest-file",
            "dead_letter_config": [],
            "description": "",
            "environment": [
              {
                "variables": {
                  "localstack": "false"
                }
              }
            ],
            "filename": "../l1-ingest-file/code.zip",
            "function_name": "l1-ingest-file",
            "handler": "index.handler",
            "id": "l1-ingest-file",
            "invoke_arn": "arn:aws:apigateway:eu-west-2:lambda:path/2015-03-31/functions/arn:aws:lambda:eu-west-2:838083752119:function:l1-ingest-file/invocations",
            "kms_key_arn": "",
            "last_modified": "2020-01-09T11:11:55.916+0000",
            "layers": [],
            "memory_size": 128,
            "publish": false,
            "qualified_arn": "arn:aws:lambda:eu-west-2:838083752119:function:l1-ingest-file:$LATEST",
            "reserved_concurrent_executions": -1,
            "role": "arn:aws:iam::838083752119:role/kimchi-lambda-execution",
            "runtime": "nodejs12.x",
            "s3_bucket": null,
            "s3_key": null,
            "s3_object_version": null,
            "source_code_hash": "rIwlKjGU4EykUwCX2WnR4iS1I3M3Lfkq74GcGKcEq9w=",
            "source_code_size": 6769904,
            "tags": {},
            "timeout": 3,
            "timeouts": null,
            "tracing_config": [
              {
                "mode": "PassThrough"
              }
            ],
            "version": "$LATEST",
            "vpc_config": []
          },
          "private": "eyJlMmJmYjczMC1lY2FhLTExZTYtOGY4OC0zNDM2M2JjN2M0YzAiOnsiY3JlYXRlIjo2MDAwMDAwMDAwMDB9fQ==",
          "dependencies": [
            "aws_iam_role.lambda_role"
          ]
        }
      ]
    },
    {
      "mode": "managed",
      "type": "aws_lambda_permission",
      "name": "allow_bucket",
      "provider": "provider.aws",
      "instances": [
        {
          "schema_version": 0,
          "attributes": {
            "action": "lambda:InvokeFunction",
            "event_source_token": null,
            "function_name": "arn:aws:lambda:eu-west-2:838083752119:function:l1-ingest-file",
            "id": "AllowExecutionFromS3Bucket",
            "principal": "s3.amazonaws.com",
            "qualifier": "",
            "source_account": null,
            "source_arn": "arn:aws:s3:::kimchi-ingest20200108162833579000000001",
            "statement_id": "AllowExecutionFromS3Bucket",
            "statement_id_prefix": null
          },
          "private": "bnVsbA==",
          "dependencies": [
            "aws_lambda_function.lambda_1",
            "aws_s3_bucket.bucket_1"
          ]
        }
      ]
    },
    {
      "mode": "managed",
      "type": "aws_s3_bucket",
      "name": "bucket_1",
      "provider": "provider.aws",
      "instances": [
        {
          "schema_version": 0,
          "attributes": {
            "acceleration_status": "",
            "acl": "private",
            "arn": "arn:aws:s3:::kimchi-ingest20200108162833579000000001",
            "bucket": "kimchi-ingest20200108162833579000000001",
            "bucket_domain_name": "kimchi-ingest20200108162833579000000001.s3.amazonaws.com",
            "bucket_prefix": "kimchi-ingest",
            "bucket_regional_domain_name": "kimchi-ingest20200108162833579000000001.s3.eu-west-2.amazonaws.com",
            "cors_rule": [],
            "force_destroy": false,
            "hosted_zone_id": "Z3GKZC51ZF0DB4",
            "id": "kimchi-ingest20200108162833579000000001",
            "lifecycle_rule": [],
            "logging": [],
            "object_lock_configuration": [],
            "policy": null,
            "region": "eu-west-2",
            "replication_configuration": [],
            "request_payer": "BucketOwner",
            "server_side_encryption_configuration": [],
            "tags": {
              "Environment": "kimchi",
              "Name": "kimchi-ingest"
            },
            "versioning": [
              {
                "enabled": false,
                "mfa_delete": false
              }
            ],
            "website": [],
            "website_domain": null,
            "website_endpoint": null
          },
          "private": "bnVsbA=="
        }
      ]
    },
    {
      "mode": "managed",
      "type": "aws_s3_bucket_notification",
      "name": "bucket_notification_1",
      "provider": "provider.aws",
      "instances": [
        {
          "schema_version": 0,
          "attributes": {
            "bucket": "kimchi-ingest20200108162833579000000001",
            "id": "kimchi-ingest20200108162833579000000001",
            "lambda_function": [
              {
                "events": [
                  "s3:ObjectCreated:*"
                ],
                "filter_prefix": "upload/",
                "filter_suffix": ".json",
                "id": "tf-s3-lambda-20200108163603290100000001",
                "lambda_function_arn": "arn:aws:lambda:eu-west-2:838083752119:function:l1-ingest-file"
              }
            ],
            "queue": [],
            "topic": []
          },
          "private": "bnVsbA==",
          "dependencies": [
            "aws_lambda_function.lambda_1",
            "aws_s3_bucket.bucket_1"
          ]
        }
      ]
    }
  ]
}
